
Microsoft Visual Studio Solution File, Format Version 12.00
# Visual Studio Version 17
VisualStudioVersion = 17.9.34616.47
MinimumVisualStudioVersion = 10.0.40219.1
Project("{FAE04EC0-301F-11D3-BF4B-00C04F79EFBC}") = "OOP4Fun Demo", "OOP4Fun Demo\OOP4Fun Demo.csproj", "{68E73B62-E7E0-4AF0-AF19-BAF89A0D36C9}"
EndProject
Global
	GlobalSection(SolutionConfigurationPlatforms) = preSolution
		Debug|Any CPU = Debug|Any CPU
		Release|Any CPU = Release|Any CPU
	EndGlobalSection
	GlobalSection(ProjectConfigurationPlatforms) = postSolution
		{68E73B62-E7E0-4AF0-AF19-BAF89A0D36C9}.Debug|Any CPU.ActiveCfg = Debug|Any CPU
		{68E73B62-E7E0-4AF0-AF19-BAF89A0D36C9}.Debug|Any CPU.Build.0 = Debug|Any CPU
		{68E73B62-E7E0-4AF0-AF19-BAF89A0D36C9}.Release|Any CPU.ActiveCfg = Release|Any CPU
		{68E73B62-E7E0-4AF0-AF19-BAF89A0D36C9}.Release|Any CPU.Build.0 = Release|Any CPU
	EndGlobalSection
	GlobalSection(SolutionProperties) = preSolution
		HideSolutionNode = FALSE
	EndGlobalSection
	GlobalSection(ExtensibilityGlobals) = postSolution
		SolutionGuid = {07236C0D-5B32-4B5A-B17D-D64F598A9F50}
	EndGlobalSection
EndGlobal
